
Microsoft Visual Studio Solution File, Format Version 12.00
# Visual Studio Version 17
VisualStudioVersion = 17.8.34330.188
MinimumVisualStudioVersion = 10.0.40219.1
Project("{9A19103F-16F7-4668-BE54-9A1E7A4F7556}") = "MPCShop.Data", "MPCShop.Data\MPCShop.Data.csproj", "{91B85AC2-30DC-42C1-9C8D-6655A084C8EE}"
EndProject
Project("{9A19103F-16F7-4668-BE54-9A1E7A4F7556}") = "MPCShop.Data.Shared", "MPCShop.Data.Shared\MPCShop.Data.Shared.csproj", "{D94D0504-B7B3-474C-980D-9BD9B598B3BC}"
EndProject
Project("{9A19103F-16F7-4668-BE54-9A1E7A4F7556}") = "MPCShop.API.Category", "MPCShop.API.Category\MPCShop.API.Category.csproj", "{496DB3CE-2D87-4E46-9F2D-CF860A21D835}"
EndProject
Project("{9A19103F-16F7-4668-BE54-9A1E7A4F7556}") = "MPCShop.API.Extensions", "MPCShop.API.Extensions\MPCShop.API.Extensions.csproj", "{82C7DCAC-2D19-48BE-95FF-6EE799027F2F}"
EndProject
Project("{9A19103F-16F7-4668-BE54-9A1E7A4F7556}") = "MPCShop.API.DTO", "MPCShop.API.DTO\MPCShop.API.DTO.csproj", "{AFD7D58B-062B-43AF-BCD2-629B856E2D1A}"
EndProject
Project("{FAE04EC0-301F-11D3-BF4B-00C04F79EFBC}") = "MPCShop.API.OtherEntities", "MPCShop.API.OtherEntities\MPCShop.API.OtherEntities.csproj", "{0A42BB2B-17E4-44FC-88B1-C48837B7C1A5}"
EndProject
Project("{FAE04EC0-301F-11D3-BF4B-00C04F79EFBC}") = "MPCShop.UI", "MPCShop.UI\MPCShop.UI.csproj", "{1B8A7183-7C69-43BD-83C4-426B6E461E1E}"
EndProject
Global
	GlobalSection(SolutionConfigurationPlatforms) = preSolution
		Debug|Any CPU = Debug|Any CPU
		Release|Any CPU = Release|Any CPU
	EndGlobalSection
	GlobalSection(ProjectConfigurationPlatforms) = postSolution
		{91B85AC2-30DC-42C1-9C8D-6655A084C8EE}.Debug|Any CPU.ActiveCfg = Debug|Any CPU
		{91B85AC2-30DC-42C1-9C8D-6655A084C8EE}.Debug|Any CPU.Build.0 = Debug|Any CPU
		{91B85AC2-30DC-42C1-9C8D-6655A084C8EE}.Release|Any CPU.ActiveCfg = Release|Any CPU
		{91B85AC2-30DC-42C1-9C8D-6655A084C8EE}.Release|Any CPU.Build.0 = Release|Any CPU
		{D94D0504-B7B3-474C-980D-9BD9B598B3BC}.Debug|Any CPU.ActiveCfg = Debug|Any CPU
		{D94D0504-B7B3-474C-980D-9BD9B598B3BC}.Debug|Any CPU.Build.0 = Debug|Any CPU
		{D94D0504-B7B3-474C-980D-9BD9B598B3BC}.Release|Any CPU.ActiveCfg = Release|Any CPU
		{D94D0504-B7B3-474C-980D-9BD9B598B3BC}.Release|Any CPU.Build.0 = Release|Any CPU
		{496DB3CE-2D87-4E46-9F2D-CF860A21D835}.Debug|Any CPU.ActiveCfg = Debug|Any CPU
		{496DB3CE-2D87-4E46-9F2D-CF860A21D835}.Debug|Any CPU.Build.0 = Debug|Any CPU
		{496DB3CE-2D87-4E46-9F2D-CF860A21D835}.Release|Any CPU.ActiveCfg = Release|Any CPU
		{496DB3CE-2D87-4E46-9F2D-CF860A21D835}.Release|Any CPU.Build.0 = Release|Any CPU
		{82C7DCAC-2D19-48BE-95FF-6EE799027F2F}.Debug|Any CPU.ActiveCfg = Debug|Any CPU
		{82C7DCAC-2D19-48BE-95FF-6EE799027F2F}.Debug|Any CPU.Build.0 = Debug|Any CPU
		{82C7DCAC-2D19-48BE-95FF-6EE799027F2F}.Release|Any CPU.ActiveCfg = Release|Any CPU
		{82C7DCAC-2D19-48BE-95FF-6EE799027F2F}.Release|Any CPU.Build.0 = Release|Any CPU
		{AFD7D58B-062B-43AF-BCD2-629B856E2D1A}.Debug|Any CPU.ActiveCfg = Debug|Any CPU
		{AFD7D58B-062B-43AF-BCD2-629B856E2D1A}.Debug|Any CPU.Build.0 = Debug|Any CPU
		{AFD7D58B-062B-43AF-BCD2-629B856E2D1A}.Release|Any CPU.ActiveCfg = Release|Any CPU
		{AFD7D58B-062B-43AF-BCD2-629B856E2D1A}.Release|Any CPU.Build.0 = Release|Any CPU
		{0A42BB2B-17E4-44FC-88B1-C48837B7C1A5}.Debug|Any CPU.ActiveCfg = Debug|Any CPU
		{0A42BB2B-17E4-44FC-88B1-C48837B7C1A5}.Debug|Any CPU.Build.0 = Debug|Any CPU
		{0A42BB2B-17E4-44FC-88B1-C48837B7C1A5}.Release|Any CPU.ActiveCfg = Release|Any CPU
		{0A42BB2B-17E4-44FC-88B1-C48837B7C1A5}.Release|Any CPU.Build.0 = Release|Any CPU
		{1B8A7183-7C69-43BD-83C4-426B6E461E1E}.Debug|Any CPU.ActiveCfg = Debug|Any CPU
		{1B8A7183-7C69-43BD-83C4-426B6E461E1E}.Debug|Any CPU.Build.0 = Debug|Any CPU
		{1B8A7183-7C69-43BD-83C4-426B6E461E1E}.Release|Any CPU.ActiveCfg = Release|Any CPU
		{1B8A7183-7C69-43BD-83C4-426B6E461E1E}.Release|Any CPU.Build.0 = Release|Any CPU
	EndGlobalSection
	GlobalSection(SolutionProperties) = preSolution
		HideSolutionNode = FALSE
	EndGlobalSection
	GlobalSection(ExtensibilityGlobals) = postSolution
		SolutionGuid = {73FA9640-848E-436F-81F9-06E54163E1BB}
	EndGlobalSection
EndGlobal
