
Microsoft Visual Studio Solution File, Format Version 12.00
# Visual Studio Version 17
VisualStudioVersion = 17.8.34330.188
MinimumVisualStudioVersion = 10.0.40219.1
Project("{9A19103F-16F7-4668-BE54-9A1E7A4F7556}") = "MPCShop.Data", "MPCShop.Data\MPCShop.Data.csproj", "{91B85AC2-30DC-42C1-9C8D-6655A084C8EE}"
EndProject
Project("{FAE04EC0-301F-11D3-BF4B-00C04F79EFBC}") = "MPCShop.Data.Shared", "MPCShop.Data.Shared\MPCShop.Data.Shared.csproj", "{D94D0504-B7B3-474C-980D-9BD9B598B3BC}"
EndProject
Global
	GlobalSection(SolutionConfigurationPlatforms) = preSolution
		Debug|Any CPU = Debug|Any CPU
		Release|Any CPU = Release|Any CPU
	EndGlobalSection
	GlobalSection(ProjectConfigurationPlatforms) = postSolution
		{91B85AC2-30DC-42C1-9C8D-6655A084C8EE}.Debug|Any CPU.ActiveCfg = Debug|Any CPU
		{91B85AC2-30DC-42C1-9C8D-6655A084C8EE}.Debug|Any CPU.Build.0 = Debug|Any CPU
		{91B85AC2-30DC-42C1-9C8D-6655A084C8EE}.Release|Any CPU.ActiveCfg = Release|Any CPU
		{91B85AC2-30DC-42C1-9C8D-6655A084C8EE}.Release|Any CPU.Build.0 = Release|Any CPU
		{D94D0504-B7B3-474C-980D-9BD9B598B3BC}.Debug|Any CPU.ActiveCfg = Debug|Any CPU
		{D94D0504-B7B3-474C-980D-9BD9B598B3BC}.Debug|Any CPU.Build.0 = Debug|Any CPU
		{D94D0504-B7B3-474C-980D-9BD9B598B3BC}.Release|Any CPU.ActiveCfg = Release|Any CPU
		{D94D0504-B7B3-474C-980D-9BD9B598B3BC}.Release|Any CPU.Build.0 = Release|Any CPU
	EndGlobalSection
	GlobalSection(SolutionProperties) = preSolution
		HideSolutionNode = FALSE
	EndGlobalSection
	GlobalSection(ExtensibilityGlobals) = postSolution
		SolutionGuid = {73FA9640-848E-436F-81F9-06E54163E1BB}
	EndGlobalSection
EndGlobal
